Microsoft Visual Studio Solution File, Format Version 12.00
# Visual Studio Version 17
VisualStudioVersion = 17.5.2.0
MinimumVisualStudioVersion = 10.0.40219.1
Project("{FAE04EC0-301F-11D3-BF4B-00C04F79EFBC}") = "AmigoTradingBot", "AmigoTradingBot\AmigoTradingBot.csproj", "{4E85A8EB-F555-8E27-E853-7FA370A4C4A5}"
EndProject
Global
	GlobalSection(SolutionConfigurationPlatforms) = preSolution
		Debug|Any CPU = Debug|Any CPU
		Release|Any CPU = Release|Any CPU
	EndGlobalSection
	GlobalSection(ProjectConfigurationPlatforms) = postSolution
		{4E85A8EB-F555-8E27-E853-7FA370A4C4A5}.Debug|Any CPU.ActiveCfg = Debug|Any CPU
		{4E85A8EB-F555-8E27-E853-7FA370A4C4A5}.Debug|Any CPU.Build.0 = Debug|Any CPU
		{4E85A8EB-F555-8E27-E853-7FA370A4C4A5}.Release|Any CPU.ActiveCfg = Release|Any CPU
		{4E85A8EB-F555-8E27-E853-7FA370A4C4A5}.Release|Any CPU.Build.0 = Release|Any CPU
	EndGlobalSection
	GlobalSection(SolutionProperties) = preSolution
		HideSolutionNode = FALSE
	EndGlobalSection
	GlobalSection(ExtensibilityGlobals) = postSolution
		SolutionGuid = {A7CFEB4D-4B0C-47FF-88BE-FFC47C93EB4A}
	EndGlobalSection
EndGlobal
